
Microsoft Visual Studio Solution File, Format Version 12.00
# Visual Studio 15
VisualStudioVersion = 15.0.28010.2036
MinimumVisualStudioVersion = 10.0.40219.1
Project("{8BC9CEB8-8B4A-11D0-8D11-00A0C91BC942}") = "欧拉角与四元数", "欧拉角与四元数\欧拉角与四元数.vcxproj", "{FCCBD9E8-88DD-456D-A9EA-D940EA7648A9}"
EndProject
Global
	GlobalSection(SolutionConfigurationPlatforms) = preSolution
		Debug|x64 = Debug|x64
		Debug|x86 = Debug|x86
		Release|x64 = Release|x64
		Release|x86 = Release|x86
	EndGlobalSection
	GlobalSection(ProjectConfigurationPlatforms) = postSolution
		{FCCBD9E8-88DD-456D-A9EA-D940EA7648A9}.Debug|x64.ActiveCfg = Debug|x64
		{FCCBD9E8-88DD-456D-A9EA-D940EA7648A9}.Debug|x64.Build.0 = Debug|x64
		{FCCBD9E8-88DD-456D-A9EA-D940EA7648A9}.Debug|x86.ActiveCfg = Debug|Win32
		{FCCBD9E8-88DD-456D-A9EA-D940EA7648A9}.Debug|x86.Build.0 = Debug|Win32
		{FCCBD9E8-88DD-456D-A9EA-D940EA7648A9}.Release|x64.ActiveCfg = Release|x64
		{FCCBD9E8-88DD-456D-A9EA-D940EA7648A9}.Release|x64.Build.0 = Release|x64
		{FCCBD9E8-88DD-456D-A9EA-D940EA7648A9}.Release|x86.ActiveCfg = Release|Win32
		{FCCBD9E8-88DD-456D-A9EA-D940EA7648A9}.Release|x86.Build.0 = Release|Win32
	EndGlobalSection
	GlobalSection(SolutionProperties) = preSolution
		HideSolutionNode = FALSE
	EndGlobalSection
	GlobalSection(ExtensibilityGlobals) = postSolution
		SolutionGuid = {104A2201-2D09-400E-8F16-2BA69413B424}
	EndGlobalSection
EndGlobal
